
Microsoft Visual Studio Solution File, Format Version 12.00
# Visual Studio Version 16
VisualStudioVersion = 16.0.31702.278
MinimumVisualStudioVersion = 10.0.40219.1
Project("{FAE04EC0-301F-11D3-BF4B-00C04F79EFBC}") = "PL", "PL\PL.csproj", "{57D5CDB2-980F-4C7B-8A0C-11CF7E9D2986}"
EndProject
Global
	GlobalSection(SolutionConfigurationPlatforms) = preSolution
		Debug|Any CPU = Debug|Any CPU
		Release|Any CPU = Release|Any CPU
	EndGlobalSection
	GlobalSection(ProjectConfigurationPlatforms) = postSolution
		{57D5CDB2-980F-4C7B-8A0C-11CF7E9D2986}.Debug|Any CPU.ActiveCfg = Debug|Any CPU
		{57D5CDB2-980F-4C7B-8A0C-11CF7E9D2986}.Debug|Any CPU.Build.0 = Debug|Any CPU
		{57D5CDB2-980F-4C7B-8A0C-11CF7E9D2986}.Release|Any CPU.ActiveCfg = Release|Any CPU
		{57D5CDB2-980F-4C7B-8A0C-11CF7E9D2986}.Release|Any CPU.Build.0 = Release|Any CPU
	EndGlobalSection
	GlobalSection(SolutionProperties) = preSolution
		HideSolutionNode = FALSE
	EndGlobalSection
	GlobalSection(ExtensibilityGlobals) = postSolution
		SolutionGuid = {DA93BB2B-7CCF-47C0-817E-ED5A6A9F032E}
	EndGlobalSection
EndGlobal
